
Microsoft Visual Studio Solution File, Format Version 12.00
# Visual Studio Version 16
VisualStudioVersion = 16.0.30114.105
MinimumVisualStudioVersion = 10.0.40219.1
Project("{FAE04EC0-301F-11D3-BF4B-00C04F79EFBC}") = "API", "API\API.csproj", "{9F3DA003-5607-4C28-BD49-16591026EE43}"
EndProject
Project("{FAE04EC0-301F-11D3-BF4B-00C04F79EFBC}") = "Core", "Core\Core.csproj", "{5787CE34-2D0F-41CA-9571-C1D90E2780AA}"
EndProject
Project("{FAE04EC0-301F-11D3-BF4B-00C04F79EFBC}") = "Infrastructure", "Infrastructure\Infrastructure.csproj", "{7CC15CAF-1FD9-4A34-A854-7CC4D0FBC01A}"
EndProject
Global
	GlobalSection(SolutionConfigurationPlatforms) = preSolution
		Debug|Any CPU = Debug|Any CPU
		Debug|x64 = Debug|x64
		Debug|x86 = Debug|x86
		Release|Any CPU = Release|Any CPU
		Release|x64 = Release|x64
		Release|x86 = Release|x86
	EndGlobalSection
	GlobalSection(SolutionProperties) = preSolution
		HideSolutionNode = FALSE
	EndGlobalSection
	GlobalSection(ProjectConfigurationPlatforms) = postSolution
		{9F3DA003-5607-4C28-BD49-16591026EE43}.Debug|Any CPU.ActiveCfg = Debug|Any CPU
		{9F3DA003-5607-4C28-BD49-16591026EE43}.Debug|Any CPU.Build.0 = Debug|Any CPU
		{9F3DA003-5607-4C28-BD49-16591026EE43}.Debug|x64.ActiveCfg = Debug|Any CPU
		{9F3DA003-5607-4C28-BD49-16591026EE43}.Debug|x64.Build.0 = Debug|Any CPU
		{9F3DA003-5607-4C28-BD49-16591026EE43}.Debug|x86.ActiveCfg = Debug|Any CPU
		{9F3DA003-5607-4C28-BD49-16591026EE43}.Debug|x86.Build.0 = Debug|Any CPU
		{9F3DA003-5607-4C28-BD49-16591026EE43}.Release|Any CPU.ActiveCfg = Release|Any CPU
		{9F3DA003-5607-4C28-BD49-16591026EE43}.Release|Any CPU.Build.0 = Release|Any CPU
		{9F3DA003-5607-4C28-BD49-16591026EE43}.Release|x64.ActiveCfg = Release|Any CPU
		{9F3DA003-5607-4C28-BD49-16591026EE43}.Release|x64.Build.0 = Release|Any CPU
		{9F3DA003-5607-4C28-BD49-16591026EE43}.Release|x86.ActiveCfg = Release|Any CPU
		{9F3DA003-5607-4C28-BD49-16591026EE43}.Release|x86.Build.0 = Release|Any CPU
		{5787CE34-2D0F-41CA-9571-C1D90E2780AA}.Debug|Any CPU.ActiveCfg = Debug|Any CPU
		{5787CE34-2D0F-41CA-9571-C1D90E2780AA}.Debug|Any CPU.Build.0 = Debug|Any CPU
		{5787CE34-2D0F-41CA-9571-C1D90E2780AA}.Debug|x64.ActiveCfg = Debug|Any CPU
		{5787CE34-2D0F-41CA-9571-C1D90E2780AA}.Debug|x64.Build.0 = Debug|Any CPU
		{5787CE34-2D0F-41CA-9571-C1D90E2780AA}.Debug|x86.ActiveCfg = Debug|Any CPU
		{5787CE34-2D0F-41CA-9571-C1D90E2780AA}.Debug|x86.Build.0 = Debug|Any CPU
		{5787CE34-2D0F-41CA-9571-C1D90E2780AA}.Release|Any CPU.ActiveCfg = Release|Any CPU
		{5787CE34-2D0F-41CA-9571-C1D90E2780AA}.Release|Any CPU.Build.0 = Release|Any CPU
		{5787CE34-2D0F-41CA-9571-C1D90E2780AA}.Release|x64.ActiveCfg = Release|Any CPU
		{5787CE34-2D0F-41CA-9571-C1D90E2780AA}.Release|x64.Build.0 = Release|Any CPU
		{5787CE34-2D0F-41CA-9571-C1D90E2780AA}.Release|x86.ActiveCfg = Release|Any CPU
		{5787CE34-2D0F-41CA-9571-C1D90E2780AA}.Release|x86.Build.0 = Release|Any CPU
		{7CC15CAF-1FD9-4A34-A854-7CC4D0FBC01A}.Debug|Any CPU.ActiveCfg = Debug|Any CPU
		{7CC15CAF-1FD9-4A34-A854-7CC4D0FBC01A}.Debug|Any CPU.Build.0 = Debug|Any CPU
		{7CC15CAF-1FD9-4A34-A854-7CC4D0FBC01A}.Debug|x64.ActiveCfg = Debug|Any CPU
		{7CC15CAF-1FD9-4A34-A854-7CC4D0FBC01A}.Debug|x64.Build.0 = Debug|Any CPU
		{7CC15CAF-1FD9-4A34-A854-7CC4D0FBC01A}.Debug|x86.ActiveCfg = Debug|Any CPU
		{7CC15CAF-1FD9-4A34-A854-7CC4D0FBC01A}.Debug|x86.Build.0 = Debug|Any CPU
		{7CC15CAF-1FD9-4A34-A854-7CC4D0FBC01A}.Release|Any CPU.ActiveCfg = Release|Any CPU
		{7CC15CAF-1FD9-4A34-A854-7CC4D0FBC01A}.Release|Any CPU.Build.0 = Release|Any CPU
		{7CC15CAF-1FD9-4A34-A854-7CC4D0FBC01A}.Release|x64.ActiveCfg = Release|Any CPU
		{7CC15CAF-1FD9-4A34-A854-7CC4D0FBC01A}.Release|x64.Build.0 = Release|Any CPU
		{7CC15CAF-1FD9-4A34-A854-7CC4D0FBC01A}.Release|x86.ActiveCfg = Release|Any CPU
		{7CC15CAF-1FD9-4A34-A854-7CC4D0FBC01A}.Release|x86.Build.0 = Release|Any CPU
	EndGlobalSection
EndGlobal
